// !$*UTF8*$!
{
	archiveVersion = 1;
	classes = {
	};
	objectVersion = 77;
	objects = {

/* Begin PBXBuildFile section */
		3B1438472CF82FC800E1E4A0 /* FirebaseAuth in Frameworks */ = {isa = PBXBuildFile; productRef = 3B1438462CF82FC800E1E4A0 /* FirebaseAuth */; };
		3B1438492CF82FC800E1E4A0 /* FirebaseFirestore in Frameworks */ = {isa = PBXBuildFile; productRef = 3B1438482CF82FC800E1E4A0 /* FirebaseFirestore */; };
		3B14384B2CF82FC800E1E4A0 /* FirebaseStorage in Frameworks */ = {isa = PBXBuildFile; productRef = 3B14384A2CF82FC800E1E4A0 /* FirebaseStorage */; };
		3B2275052CFEAD1300253A6A /* Preview Assets.xcassets in Resources */ = {isa = PBXBuildFile; fileRef = 3B2274F92CFEAD1300253A6A /* Preview Assets.xcassets */; };
		3B2275062CFEAD1300253A6A /* Assets.xcassets in Resources */ = {isa = PBXBuildFile; fileRef = 3B2274FB2CFEAD1300253A6A /* Assets.xcassets */; };
		3B2275072CFEAD1300253A6A /* GoogleService-Info.plist in Resources */ = {isa = PBXBuildFile; fileRef = 3B2275002CFEAD1300253A6A /* GoogleService-Info.plist */; };
		3B22750D2CFEAD1300253A6A /* LoginView.swift in Sources */ = {isa = PBXBuildFile; fileRef = 3B2275022CFEAD1300253A6A /* LoginView.swift */; };
		3B22750E2CFEAD1300253A6A /* SafarNamaApp.swift in Sources */ = {isa = PBXBuildFile; fileRef = 3B2275032CFEAD1300253A6A /* SafarNamaApp.swift */; };
		3B3D57172D00054F00EB0B47 /* Category.swift in Sources */ = {isa = PBXBuildFile; fileRef = 3B3D570D2D00054F00EB0B47 /* Category.swift */; };
		3B3D57192D00054F00EB0B47 /* CategoryListView.swift in Sources */ = {isa = PBXBuildFile; fileRef = 3B3D570F2D00054F00EB0B47 /* CategoryListView.swift */; };
		3B3D571B2D00054F00EB0B47 /* City.swift in Sources */ = {isa = PBXBuildFile; fileRef = 3B3D57122D00054F00EB0B47 /* City.swift */; };
		3B3D571C2D00054F00EB0B47 /* CityDetailView.swift in Sources */ = {isa = PBXBuildFile; fileRef = 3B3D57132D00054F00EB0B47 /* CityDetailView.swift */; };
		3B3D571D2D00054F00EB0B47 /* CityListView.swift in Sources */ = {isa = PBXBuildFile; fileRef = 3B3D57142D00054F00EB0B47 /* CityListView.swift */; };
		3B3D571E2D00054F00EB0B47 /* CityViewModel.swift in Sources */ = {isa = PBXBuildFile; fileRef = 3B3D57152D00054F00EB0B47 /* CityViewModel.swift */; };
		3B3D57212D0005BE00EB0B47 /* Food.swift in Sources */ = {isa = PBXBuildFile; fileRef = 3B3D57202D0005BE00EB0B47 /* Food.swift */; };
		3B3D57232D001E7100EB0B47 /* FoodDetailView.swift in Sources */ = {isa = PBXBuildFile; fileRef = 3B3D57222D001E7100EB0B47 /* FoodDetailView.swift */; };
		3B3D57252D002D9400EB0B47 /* FoodViewModel.swift in Sources */ = {isa = PBXBuildFile; fileRef = 3B3D57242D002D9400EB0B47 /* FoodViewModel.swift */; };
		3B3D57272D002DD400EB0B47 /* FoodListView.swift in Sources */ = {isa = PBXBuildFile; fileRef = 3B3D57262D002DD400EB0B47 /* FoodListView.swift */; };
		3B3D573F2D0169BF00EB0B47 /* Shop.swift in Sources */ = {isa = PBXBuildFile; fileRef = 3B3D573E2D0169BE00EB0B47 /* Shop.swift */; };
		3B3D57412D016CB200EB0B47 /* ShopListView.swift in Sources */ = {isa = PBXBuildFile; fileRef = 3B3D57402D016CB200EB0B47 /* ShopListView.swift */; };
		3B3D57432D016D9C00EB0B47 /* ShopDetailView.swift in Sources */ = {isa = PBXBuildFile; fileRef = 3B3D57422D016D9C00EB0B47 /* ShopDetailView.swift */; };
		3B3D57452D016F7300EB0B47 /* ShopViewModel.swift in Sources */ = {isa = PBXBuildFile; fileRef = 3B3D57442D016F7300EB0B47 /* ShopViewModel.swift */; };
		3B3D57482D0170F800EB0B47 /* ThingToDo.swift in Sources */ = {isa = PBXBuildFile; fileRef = 3B3D57472D0170F800EB0B47 /* ThingToDo.swift */; };
		3B3D574A2D01716400EB0B47 /* ThingsToDoListView.swift in Sources */ = {isa = PBXBuildFile; fileRef = 3B3D57492D01716400EB0B47 /* ThingsToDoListView.swift */; };
		3B3D574C2D01724900EB0B47 /* TTDetailView.swift in Sources */ = {isa = PBXBuildFile; fileRef = 3B3D574B2D01724900EB0B47 /* TTDetailView.swift */; };
		3B3D574E2D0174EF00EB0B47 /* TTDViewModel.swift in Sources */ = {isa = PBXBuildFile; fileRef = 3B3D574D2D0174EF00EB0B47 /* TTDViewModel.swift */; };
		3BFD5FCA2D02DB4700DEE0FE /* PhotoView.swift in Sources */ = {isa = PBXBuildFile; fileRef = 3BFD5FC92D02DB4700DEE0FE /* PhotoView.swift */; };
		3BFD5FCC2D02E91400DEE0FE /* Photo.swift in Sources */ = {isa = PBXBuildFile; fileRef = 3BFD5FCB2D02E91400DEE0FE /* Photo.swift */; };
		3BFD5FCE2D02E9A900DEE0FE /* PhotoViewModel.swift in Sources */ = {isa = PBXBuildFile; fileRef = 3BFD5FCD2D02E9A900DEE0FE /* PhotoViewModel.swift */; };
/* End PBXBuildFile section */

/* Begin PBXFileReference section */
		3B195E0F2CF59D4600BDED01 /* SafarNama.app */ = {isa = PBXFileReference; explicitFileType = wrapper.application; includeInIndex = 0; path = SafarNama.app; sourceTree = BUILT_PRODUCTS_DIR; };
		3B2274F92CFEAD1300253A6A /* Preview Assets.xcassets */ = {isa = PBXFileReference; lastKnownFileType = folder.assetcatalog; path = "Preview Assets.xcassets"; sourceTree = "<group>"; };
		3B2274FB2CFEAD1300253A6A /* Assets.xcassets */ = {isa = PBXFileReference; lastKnownFileType = folder.assetcatalog; path = Assets.xcassets; sourceTree = "<group>"; };
		3B2275002CFEAD1300253A6A /* GoogleService-Info.plist */ = {isa = PBXFileReference; lastKnownFileType = text.plist.xml; path = "GoogleService-Info.plist"; sourceTree = "<group>"; };
		3B2275012CFEAD1300253A6A /* Info.plist */ = {isa = PBXFileReference; lastKnownFileType = text.plist.xml; path = Info.plist; sourceTree = "<group>"; };
		3B2275022CFEAD1300253A6A /* LoginView.swift */ = {isa = PBXFileReference; lastKnownFileType = sourcecode.swift; path = LoginView.swift; sourceTree = "<group>"; };
		3B2275032CFEAD1300253A6A /* SafarNamaApp.swift */ = {isa = PBXFileReference; lastKnownFileType = sourcecode.swift; path = SafarNamaApp.swift; sourceTree = "<group>"; };
		3B3D570D2D00054F00EB0B47 /* Category.swift */ = {isa = PBXFileReference; lastKnownFileType = sourcecode.swift; path = Category.swift; sourceTree = "<group>"; };
		3B3D570F2D00054F00EB0B47 /* CategoryListView.swift */ = {isa = PBXFileReference; lastKnownFileType = sourcecode.swift; path = CategoryListView.swift; sourceTree = "<group>"; };
		3B3D57122D00054F00EB0B47 /* City.swift */ = {isa = PBXFileReference; lastKnownFileType = sourcecode.swift; path = City.swift; sourceTree = "<group>"; };
		3B3D57132D00054F00EB0B47 /* CityDetailView.swift */ = {isa = PBXFileReference; lastKnownFileType = sourcecode.swift; path = CityDetailView.swift; sourceTree = "<group>"; };
		3B3D57142D00054F00EB0B47 /* CityListView.swift */ = {isa = PBXFileReference; lastKnownFileType = sourcecode.swift; path = CityListView.swift; sourceTree = "<group>"; };
		3B3D57152D00054F00EB0B47 /* CityViewModel.swift */ = {isa = PBXFileReference; lastKnownFileType = sourcecode.swift; path = CityViewModel.swift; sourceTree = "<group>"; };
		3B3D57202D0005BE00EB0B47 /* Food.swift */ = {isa = PBXFileReference; lastKnownFileType = sourcecode.swift; path = Food.swift; sourceTree = "<group>"; };
		3B3D57222D001E7100EB0B47 /* FoodDetailView.swift */ = {isa = PBXFileReference; lastKnownFileType = sourcecode.swift; path = FoodDetailView.swift; sourceTree = "<group>"; };
		3B3D57242D002D9400EB0B47 /* FoodViewModel.swift */ = {isa = PBXFileReference; lastKnownFileType = sourcecode.swift; path = FoodViewModel.swift; sourceTree = "<group>"; };
		3B3D57262D002DD400EB0B47 /* FoodListView.swift */ = {isa = PBXFileReference; lastKnownFileType = sourcecode.swift; path = FoodListView.swift; sourceTree = "<group>"; };
		3B3D573E2D0169BE00EB0B47 /* Shop.swift */ = {isa = PBXFileReference; lastKnownFileType = sourcecode.swift; path = Shop.swift; sourceTree = "<group>"; };
		3B3D57402D016CB200EB0B47 /* ShopListView.swift */ = {isa = PBXFileReference; lastKnownFileType = sourcecode.swift; path = ShopListView.swift; sourceTree = "<group>"; };
		3B3D57422D016D9C00EB0B47 /* ShopDetailView.swift */ = {isa = PBXFileReference; lastKnownFileType = sourcecode.swift; path = ShopDetailView.swift; sourceTree = "<group>"; };
		3B3D57442D016F7300EB0B47 /* ShopViewModel.swift */ = {isa = PBXFileReference; lastKnownFileType = sourcecode.swift; path = ShopViewModel.swift; sourceTree = "<group>"; };
		3B3D57472D0170F800EB0B47 /* ThingToDo.swift */ = {isa = PBXFileReference; lastKnownFileType = sourcecode.swift; path = ThingToDo.swift; sourceTree = "<group>"; };
		3B3D57492D01716400EB0B47 /* ThingsToDoListView.swift */ = {isa = PBXFileReference; lastKnownFileType = sourcecode.swift; path = ThingsToDoListView.swift; sourceTree = "<group>"; };
		3B3D574B2D01724900EB0B47 /* TTDetailView.swift */ = {isa = PBXFileReference; lastKnownFileType = sourcecode.swift; path = TTDetailView.swift; sourceTree = "<group>"; };
		3B3D574D2D0174EF00EB0B47 /* TTDViewModel.swift */ = {isa = PBXFileReference; lastKnownFileType = sourcecode.swift; path = TTDViewModel.swift; sourceTree = "<group>"; };
		3BFD5FC92D02DB4700DEE0FE /* PhotoView.swift */ = {isa = PBXFileReference; lastKnownFileType = sourcecode.swift; path = PhotoView.swift; sourceTree = "<group>"; };
		3BFD5FCB2D02E91400DEE0FE /* Photo.swift */ = {isa = PBXFileReference; lastKnownFileType = sourcecode.swift; path = Photo.swift; sourceTree = "<group>"; };
		3BFD5FCD2D02E9A900DEE0FE /* PhotoViewModel.swift */ = {isa = PBXFileReference; lastKnownFileType = sourcecode.swift; path = PhotoViewModel.swift; sourceTree = "<group>"; };
/* End PBXFileReference section */

/* Begin PBXFrameworksBuildPhase section */
		3B195E0C2CF59D4600BDED01 /* Frameworks */ = {
			isa = PBXFrameworksBuildPhase;
			buildActionMask = 2147483647;
			files = (
				3B1438472CF82FC800E1E4A0 /* FirebaseAuth in Frameworks */,
				3B1438492CF82FC800E1E4A0 /* FirebaseFirestore in Frameworks */,
				3B14384B2CF82FC800E1E4A0 /* FirebaseStorage in Frameworks */,
			);
			runOnlyForDeploymentPostprocessing = 0;
		};
/* End PBXFrameworksBuildPhase section */

/* Begin PBXGroup section */
		3B195E062CF59D4600BDED01 = {
			isa = PBXGroup;
			children = (
				3B2275042CFEAD1300253A6A /* SafarNama */,
				3B195E102CF59D4600BDED01 /* Products */,
			);
			sourceTree = "<group>";
		};
		3B195E102CF59D4600BDED01 /* Products */ = {
			isa = PBXGroup;
			children = (
				3B195E0F2CF59D4600BDED01 /* SafarNama.app */,
			);
			name = Products;
			sourceTree = "<group>";
		};
		3B2274FA2CFEAD1300253A6A /* Preview Content */ = {
			isa = PBXGroup;
			children = (
				3B2275032CFEAD1300253A6A /* SafarNamaApp.swift */,
				3B2275022CFEAD1300253A6A /* LoginView.swift */,
			);
			path = "Preview Content";
			sourceTree = "<group>";
		};
		3B2275042CFEAD1300253A6A /* SafarNama */ = {
			isa = PBXGroup;
			children = (
				3B2274FA2CFEAD1300253A6A /* Preview Content */,
				3B3D57162D00054F00EB0B47 /* City */,
				3B2274FB2CFEAD1300253A6A /* Assets.xcassets */,
				3B2274F92CFEAD1300253A6A /* Preview Assets.xcassets */,
				3B2275012CFEAD1300253A6A /* Info.plist */,
				3B2275002CFEAD1300253A6A /* GoogleService-Info.plist */,
			);
			path = SafarNama;
			sourceTree = "<group>";
		};
		3B3D57112D00054F00EB0B47 /* Category */ = {
			isa = PBXGroup;
			children = (
				3B3D570D2D00054F00EB0B47 /* Category.swift */,
				3B3D570F2D00054F00EB0B47 /* CategoryListView.swift */,
				3B3D571F2D00057C00EB0B47 /* Food */,
				3B3D573D2D01699300EB0B47 /* Shop */,
				3BFD5FC42D02C97C00DEE0FE /* Photo */,
				3B3D57462D0170AB00EB0B47 /* Things to do */,
			);
			path = Category;
			sourceTree = "<group>";
		};
		3B3D57162D00054F00EB0B47 /* City */ = {
			isa = PBXGroup;
			children = (
				3B3D57122D00054F00EB0B47 /* City.swift */,
				3B3D57142D00054F00EB0B47 /* CityListView.swift */,
				3B3D57132D00054F00EB0B47 /* CityDetailView.swift */,
				3B3D57152D00054F00EB0B47 /* CityViewModel.swift */,
				3B3D57112D00054F00EB0B47 /* Category */,
			);
			path = City;
			sourceTree = "<group>";
		};
		3B3D571F2D00057C00EB0B47 /* Food */ = {
			isa = PBXGroup;
			children = (
				3B3D57202D0005BE00EB0B47 /* Food.swift */,
				3B3D57262D002DD400EB0B47 /* FoodListView.swift */,
				3B3D57222D001E7100EB0B47 /* FoodDetailView.swift */,
				3B3D57242D002D9400EB0B47 /* FoodViewModel.swift */,
			);
			path = Food;
			sourceTree = "<group>";
		};
		3B3D573D2D01699300EB0B47 /* Shop */ = {
			isa = PBXGroup;
			children = (
				3B3D573E2D0169BE00EB0B47 /* Shop.swift */,
				3B3D57402D016CB200EB0B47 /* ShopListView.swift */,
				3B3D57422D016D9C00EB0B47 /* ShopDetailView.swift */,
				3B3D57442D016F7300EB0B47 /* ShopViewModel.swift */,
			);
			path = Shop;
			sourceTree = "<group>";
		};
		3B3D57462D0170AB00EB0B47 /* Things to do */ = {
			isa = PBXGroup;
			children = (
				3B3D57472D0170F800EB0B47 /* ThingToDo.swift */,
				3B3D57492D01716400EB0B47 /* ThingsToDoListView.swift */,
				3B3D574B2D01724900EB0B47 /* TTDetailView.swift */,
				3B3D574D2D0174EF00EB0B47 /* TTDViewModel.swift */,
			);
			path = "Things to do";
			sourceTree = "<group>";
		};
		3BFD5FC42D02C97C00DEE0FE /* Photo */ = {
			isa = PBXGroup;
			children = (
				3BFD5FCB2D02E91400DEE0FE /* Photo.swift */,
				3BFD5FC92D02DB4700DEE0FE /* PhotoView.swift */,
				3BFD5FCD2D02E9A900DEE0FE /* PhotoViewModel.swift */,
			);
			path = Photo;
			sourceTree = "<group>";
		};
/* End PBXGroup section */

/* Begin PBXNativeTarget section */
		3B195E0E2CF59D4600BDED01 /* SafarNama */ = {
			isa = PBXNativeTarget;
			buildConfigurationList = 3B195E1D2CF59D4800BDED01 /* Build configuration list for PBXNativeTarget "SafarNama" */;
			buildPhases = (
				3B195E0B2CF59D4600BDED01 /* Sources */,
				3B195E0C2CF59D4600BDED01 /* Frameworks */,
				3B195E0D2CF59D4600BDED01 /* Resources */,
			);
			buildRules = (
			);
			dependencies = (
			);
			name = SafarNama;
			packageProductDependencies = (
				3B1438462CF82FC800E1E4A0 /* FirebaseAuth */,
				3B1438482CF82FC800E1E4A0 /* FirebaseFirestore */,
				3B14384A2CF82FC800E1E4A0 /* FirebaseStorage */,
			);
			productName = SafarNama;
			productReference = 3B195E0F2CF59D4600BDED01 /* SafarNama.app */;
			productType = "com.apple.product-type.application";
		};
/* End PBXNativeTarget section */

/* Begin PBXProject section */
		3B195E072CF59D4600BDED01 /* Project object */ = {
			isa = PBXProject;
			attributes = {
				BuildIndependentTargetsInParallel = 1;
				LastSwiftUpdateCheck = 1610;
				LastUpgradeCheck = 1610;
				TargetAttributes = {
					3B195E0E2CF59D4600BDED01 = {
						CreatedOnToolsVersion = 16.1;
					};
				};
			};
			buildConfigurationList = 3B195E0A2CF59D4600BDED01 /* Build configuration list for PBXProject "SafarNama" */;
			developmentRegion = en;
			hasScannedForEncodings = 0;
			knownRegions = (
				en,
				Base,
			);
			mainGroup = 3B195E062CF59D4600BDED01;
			minimizedProjectReferenceProxies = 1;
			packageReferences = (
				3B1438452CF82DC000E1E4A0 /* XCRemoteSwiftPackageReference "firebase-ios-sdk" */,
			);
			preferredProjectObjectVersion = 77;
			productRefGroup = 3B195E102CF59D4600BDED01 /* Products */;
			projectDirPath = "";
			projectRoot = "";
			targets = (
				3B195E0E2CF59D4600BDED01 /* SafarNama */,
			);
		};
/* End PBXProject section */

/* Begin PBXResourcesBuildPhase section */
		3B195E0D2CF59D4600BDED01 /* Resources */ = {
			isa = PBXResourcesBuildPhase;
			buildActionMask = 2147483647;
			files = (
				3B2275052CFEAD1300253A6A /* Preview Assets.xcassets in Resources */,
				3B2275062CFEAD1300253A6A /* Assets.xcassets in Resources */,
				3B2275072CFEAD1300253A6A /* GoogleService-Info.plist in Resources */,
			);
			runOnlyForDeploymentPostprocessing = 0;
		};
/* End PBXResourcesBuildPhase section */

/* Begin PBXSourcesBuildPhase section */
		3B195E0B2CF59D4600BDED01 /* Sources */ = {
			isa = PBXSourcesBuildPhase;
			buildActionMask = 2147483647;
			files = (
				3B3D57212D0005BE00EB0B47 /* Food.swift in Sources */,
				3B3D57172D00054F00EB0B47 /* Category.swift in Sources */,
				3B3D57272D002DD400EB0B47 /* FoodListView.swift in Sources */,
				3B3D573F2D0169BF00EB0B47 /* Shop.swift in Sources */,
				3B3D57252D002D9400EB0B47 /* FoodViewModel.swift in Sources */,
				3BFD5FCE2D02E9A900DEE0FE /* PhotoViewModel.swift in Sources */,
				3B3D57432D016D9C00EB0B47 /* ShopDetailView.swift in Sources */,
				3B3D57192D00054F00EB0B47 /* CategoryListView.swift in Sources */,
				3B3D57452D016F7300EB0B47 /* ShopViewModel.swift in Sources */,
				3B3D57482D0170F800EB0B47 /* ThingToDo.swift in Sources */,
				3BFD5FCA2D02DB4700DEE0FE /* PhotoView.swift in Sources */,
				3B3D57232D001E7100EB0B47 /* FoodDetailView.swift in Sources */,
				3B3D574C2D01724900EB0B47 /* TTDetailView.swift in Sources */,
				3B3D571B2D00054F00EB0B47 /* City.swift in Sources */,
				3B3D574A2D01716400EB0B47 /* ThingsToDoListView.swift in Sources */,
				3B3D574E2D0174EF00EB0B47 /* TTDViewModel.swift in Sources */,
				3B3D571C2D00054F00EB0B47 /* CityDetailView.swift in Sources */,
				3B3D571D2D00054F00EB0B47 /* CityListView.swift in Sources */,
				3B3D571E2D00054F00EB0B47 /* CityViewModel.swift in Sources */,
				3BFD5FCC2D02E91400DEE0FE /* Photo.swift in Sources */,
				3B22750D2CFEAD1300253A6A /* LoginView.swift in Sources */,
				3B3D57412D016CB200EB0B47 /* ShopListView.swift in Sources */,
				3B22750E2CFEAD1300253A6A /* SafarNamaApp.swift in Sources */,
			);
			runOnlyForDeploymentPostprocessing = 0;
		};
/* End PBXSourcesBuildPhase section */

/* Begin XCBuildConfiguration section */
		3B195E1B2CF59D4800BDED01 /* Debug */ = {
			isa = XCBuildConfiguration;
			buildSettings = {
				ALWAYS_SEARCH_USER_PATHS = NO;
				ASSETCATALOG_COMPILER_GENERATE_SWIFT_ASSET_SYMBOL_EXTENSIONS = YES;
				CLANG_ANALYZER_NONNULL = YES;
				CLANG_ANALYZER_NUMBER_OBJECT_CONVERSION = YES_AGGRESSIVE;
				CLANG_CXX_LANGUAGE_STANDARD = "gnu++20";
				CLANG_ENABLE_MODULES = YES;
				CLANG_ENABLE_OBJC_ARC = YES;
				CLANG_ENABLE_OBJC_WEAK = YES;
				CLANG_WARN_BLOCK_CAPTURE_AUTORELEASING = YES;
				CLANG_WARN_BOOL_CONVERSION = YES;
				CLANG_WARN_COMMA = YES;
				CLANG_WARN_CONSTANT_CONVERSION = YES;
				CLANG_WARN_DEPRECATED_OBJC_IMPLEMENTATIONS = YES;
				CLANG_WARN_DIRECT_OBJC_ISA_USAGE = YES_ERROR;
				CLANG_WARN_DOCUMENTATION_COMMENTS = YES;
				CLANG_WARN_EMPTY_BODY = YES;
				CLANG_WARN_ENUM_CONVERSION = YES;
				CLANG_WARN_INFINITE_RECURSION = YES;
				CLANG_WARN_INT_CONVERSION = YES;
				CLANG_WARN_NON_LITERAL_NULL_CONVERSION = YES;
				CLANG_WARN_OBJC_IMPLICIT_RETAIN_SELF = YES;
				CLANG_WARN_OBJC_LITERAL_CONVERSION = YES;
				CLANG_WARN_OBJC_ROOT_CLASS = YES_ERROR;
				CLANG_WARN_QUOTED_INCLUDE_IN_FRAMEWORK_HEADER = YES;
				CLANG_WARN_RANGE_LOOP_ANALYSIS = YES;
				CLANG_WARN_STRICT_PROTOTYPES = YES;
				CLANG_WARN_SUSPICIOUS_MOVE = YES;
				CLANG_WARN_UNGUARDED_AVAILABILITY = YES_AGGRESSIVE;
				CLANG_WARN_UNREACHABLE_CODE = YES;
				CLANG_WARN__DUPLICATE_METHOD_MATCH = YES;
				COPY_PHASE_STRIP = NO;
				DEBUG_INFORMATION_FORMAT = dwarf;
				ENABLE_STRICT_OBJC_MSGSEND = YES;
				ENABLE_TESTABILITY = YES;
				ENABLE_USER_SCRIPT_SANDBOXING = YES;
				GCC_C_LANGUAGE_STANDARD = gnu17;
				GCC_DYNAMIC_NO_PIC = NO;
				GCC_NO_COMMON_BLOCKS = YES;
				GCC_OPTIMIZATION_LEVEL = 0;
				GCC_PREPROCESSOR_DEFINITIONS = (
					"DEBUG=1",
					"$(inherited)",
				);
				GCC_WARN_64_TO_32_BIT_CONVERSION = YES;
				GCC_WARN_ABOUT_RETURN_TYPE = YES_ERROR;
				GCC_WARN_UNDECLARED_SELECTOR = YES;
				GCC_WARN_UNINITIALIZED_AUTOS = YES_AGGRESSIVE;
				GCC_WARN_UNUSED_FUNCTION = YES;
				GCC_WARN_UNUSED_VARIABLE = YES;
				IPHONEOS_DEPLOYMENT_TARGET = 18.1;
				LOCALIZATION_PREFERS_STRING_CATALOGS = YES;
				MTL_ENABLE_DEBUG_INFO = INCLUDE_SOURCE;
				MTL_FAST_MATH = YES;
				ONLY_ACTIVE_ARCH = YES;
				SDKROOT = iphoneos;
				SWIFT_ACTIVE_COMPILATION_CONDITIONS = "DEBUG $(inherited)";
				SWIFT_OPTIMIZATION_LEVEL = "-Onone";
			};
			name = Debug;
		};
		3B195E1C2CF59D4800BDED01 /* Release */ = {
			isa = XCBuildConfiguration;
			buildSettings = {
				ALWAYS_SEARCH_USER_PATHS = NO;
				ASSETCATALOG_COMPILER_GENERATE_SWIFT_ASSET_SYMBOL_EXTENSIONS = YES;
				CLANG_ANALYZER_NONNULL = YES;
				CLANG_ANALYZER_NUMBER_OBJECT_CONVERSION = YES_AGGRESSIVE;
				CLANG_CXX_LANGUAGE_STANDARD = "gnu++20";
				CLANG_ENABLE_MODULES = YES;
				CLANG_ENABLE_OBJC_ARC = YES;
				CLANG_ENABLE_OBJC_WEAK = YES;
				CLANG_WARN_BLOCK_CAPTURE_AUTORELEASING = YES;
				CLANG_WARN_BOOL_CONVERSION = YES;
				CLANG_WARN_COMMA = YES;
				CLANG_WARN_CONSTANT_CONVERSION = YES;
				CLANG_WARN_DEPRECATED_OBJC_IMPLEMENTATIONS = YES;
				CLANG_WARN_DIRECT_OBJC_ISA_USAGE = YES_ERROR;
				CLANG_WARN_DOCUMENTATION_COMMENTS = YES;
				CLANG_WARN_EMPTY_BODY = YES;
				CLANG_WARN_ENUM_CONVERSION = YES;
				CLANG_WARN_INFINITE_RECURSION = YES;
				CLANG_WARN_INT_CONVERSION = YES;
				CLANG_WARN_NON_LITERAL_NULL_CONVERSION = YES;
				CLANG_WARN_OBJC_IMPLICIT_RETAIN_SELF = YES;
				CLANG_WARN_OBJC_LITERAL_CONVERSION = YES;
				CLANG_WARN_OBJC_ROOT_CLASS = YES_ERROR;
				CLANG_WARN_QUOTED_INCLUDE_IN_FRAMEWORK_HEADER = YES;
				CLANG_WARN_RANGE_LOOP_ANALYSIS = YES;
				CLANG_WARN_STRICT_PROTOTYPES = YES;
				CLANG_WARN_SUSPICIOUS_MOVE = YES;
				CLANG_WARN_UNGUARDED_AVAILABILITY = YES_AGGRESSIVE;
				CLANG_WARN_UNREACHABLE_CODE = YES;
				CLANG_WARN__DUPLICATE_METHOD_MATCH = YES;
				COPY_PHASE_STRIP = NO;
				DEBUG_INFORMATION_FORMAT = "dwarf-with-dsym";
				ENABLE_NS_ASSERTIONS = NO;
				ENABLE_STRICT_OBJC_MSGSEND = YES;
				ENABLE_USER_SCRIPT_SANDBOXING = YES;
				GCC_C_LANGUAGE_STANDARD = gnu17;
				GCC_NO_COMMON_BLOCKS = YES;
				GCC_WARN_64_TO_32_BIT_CONVERSION = YES;
				GCC_WARN_ABOUT_RETURN_TYPE = YES_ERROR;
				GCC_WARN_UNDECLARED_SELECTOR = YES;
				GCC_WARN_UNINITIALIZED_AUTOS = YES_AGGRESSIVE;
				GCC_WARN_UNUSED_FUNCTION = YES;
				GCC_WARN_UNUSED_VARIABLE = YES;
				IPHONEOS_DEPLOYMENT_TARGET = 18.1;
				LOCALIZATION_PREFERS_STRING_CATALOGS = YES;
				MTL_ENABLE_DEBUG_INFO = NO;
				MTL_FAST_MATH = YES;
				SDKROOT = iphoneos;
				SWIFT_COMPILATION_MODE = wholemodule;
				VALIDATE_PRODUCT = YES;
			};
			name = Release;
		};
		3B195E1E2CF59D4800BDED01 /* Debug */ = {
			isa = XCBuildConfiguration;
			buildSettings = {
				ASSETCATALOG_COMPILER_APPICON_NAME = AppIcon;
				ASSETCATALOG_COMPILER_GLOBAL_ACCENT_COLOR_NAME = AccentColor;
				CODE_SIGN_STYLE = Automatic;
				CURRENT_PROJECT_VERSION = 1;
				DEVELOPMENT_ASSET_PATHS = "\"SafarNama/Preview Content\"";
				DEVELOPMENT_TEAM = NKTD28B2NT;
				ENABLE_PREVIEWS = YES;
				GENERATE_INFOPLIST_FILE = YES;
				INFOPLIST_FILE = SafarNama/Info.plist;
				INFOPLIST_KEY_UIApplicationSceneManifest_Generation = YES;
				INFOPLIST_KEY_UIApplicationSupportsIndirectInputEvents = YES;
				INFOPLIST_KEY_UISupportedInterfaceOrientations_iPad = "UIInterfaceOrientationPortrait UIInterfaceOrientationPortraitUpsideDown UIInterfaceOrientationLandscapeLeft UIInterfaceOrientationLandscapeRight";
				INFOPLIST_KEY_UISupportedInterfaceOrientations_iPhone = "UIInterfaceOrientationPortrait UIInterfaceOrientationLandscapeLeft UIInterfaceOrientationLandscapeRight";
				LD_RUNPATH_SEARCH_PATHS = (
					"$(inherited)",
					"@executable_path/Frameworks",
				);
				MARKETING_VERSION = 1.0;
				PRODUCT_BUNDLE_IDENTIFIER = com.agarkar.SafarNama;
				PRODUCT_NAME = "$(TARGET_NAME)";
				SWIFT_EMIT_LOC_STRINGS = YES;
				SWIFT_VERSION = 5.0;
				TARGETED_DEVICE_FAMILY = "1,2";
			};
			name = Debug;
		};
		3B195E1F2CF59D4800BDED01 /* Release */ = {
			isa = XCBuildConfiguration;
			buildSettings = {
				ASSETCATALOG_COMPILER_APPICON_NAME = AppIcon;
				ASSETCATALOG_COMPILER_GLOBAL_ACCENT_COLOR_NAME = AccentColor;
				CODE_SIGN_STYLE = Automatic;
				CURRENT_PROJECT_VERSION = 1;
				DEVELOPMENT_ASSET_PATHS = "\"SafarNama/Preview Content\"";
				DEVELOPMENT_TEAM = NKTD28B2NT;
				ENABLE_PREVIEWS = YES;
				GENERATE_INFOPLIST_FILE = YES;
				INFOPLIST_FILE = SafarNama/Info.plist;
				INFOPLIST_KEY_UIApplicationSceneManifest_Generation = YES;
				INFOPLIST_KEY_UIApplicationSupportsIndirectInputEvents = YES;
				INFOPLIST_KEY_UISupportedInterfaceOrientations_iPad = "UIInterfaceOrientationPortrait UIInterfaceOrientationPortraitUpsideDown UIInterfaceOrientationLandscapeLeft UIInterfaceOrientationLandscapeRight";
				INFOPLIST_KEY_UISupportedInterfaceOrientations_iPhone = "UIInterfaceOrientationPortrait UIInterfaceOrientationLandscapeLeft UIInterfaceOrientationLandscapeRight";
				LD_RUNPATH_SEARCH_PATHS = (
					"$(inherited)",
					"@executable_path/Frameworks",
				);
				MARKETING_VERSION = 1.0;
				PRODUCT_BUNDLE_IDENTIFIER = com.agarkar.SafarNama;
				PRODUCT_NAME = "$(TARGET_NAME)";
				SWIFT_EMIT_LOC_STRINGS = YES;
				SWIFT_VERSION = 5.0;
				TARGETED_DEVICE_FAMILY = "1,2";
			};
			name = Release;
		};
/* End XCBuildConfiguration section */

/* Begin XCConfigurationList section */
		3B195E0A2CF59D4600BDED01 /* Build configuration list for PBXProject "SafarNama" */ = {
			isa = XCConfigurationList;
			buildConfigurations = (
				3B195E1B2CF59D4800BDED01 /* Debug */,
				3B195E1C2CF59D4800BDED01 /* Release */,
			);
			defaultConfigurationIsVisible = 0;
			defaultConfigurationName = Release;
		};
		3B195E1D2CF59D4800BDED01 /* Build configuration list for PBXNativeTarget "SafarNama" */ = {
			isa = XCConfigurationList;
			buildConfigurations = (
				3B195E1E2CF59D4800BDED01 /* Debug */,
				3B195E1F2CF59D4800BDED01 /* Release */,
			);
			defaultConfigurationIsVisible = 0;
			defaultConfigurationName = Release;
		};
/* End XCConfigurationList section */

/* Begin XCRemoteSwiftPackageReference section */
		3B1438452CF82DC000E1E4A0 /* XCRemoteSwiftPackageReference "firebase-ios-sdk" */ = {
			isa = XCRemoteSwiftPackageReference;
			repositoryURL = "https://github.com/firebase/firebase-ios-sdk.git";
			requirement = {
				kind = upToNextMajorVersion;
				minimumVersion = 11.5.0;
			};
		};
/* End XCRemoteSwiftPackageReference section */

/* Begin XCSwiftPackageProductDependency section */
		3B1438462CF82FC800E1E4A0 /* FirebaseAuth */ = {
			isa = XCSwiftPackageProductDependency;
			package = 3B1438452CF82DC000E1E4A0 /* XCRemoteSwiftPackageReference "firebase-ios-sdk" */;
			productName = FirebaseAuth;
		};
		3B1438482CF82FC800E1E4A0 /* FirebaseFirestore */ = {
			isa = XCSwiftPackageProductDependency;
			package = 3B1438452CF82DC000E1E4A0 /* XCRemoteSwiftPackageReference "firebase-ios-sdk" */;
			productName = FirebaseFirestore;
		};
		3B14384A2CF82FC800E1E4A0 /* FirebaseStorage */ = {
			isa = XCSwiftPackageProductDependency;
			package = 3B1438452CF82DC000E1E4A0 /* XCRemoteSwiftPackageReference "firebase-ios-sdk" */;
			productName = FirebaseStorage;
		};
/* End XCSwiftPackageProductDependency section */
	};
	rootObject = 3B195E072CF59D4600BDED01 /* Project object */;
}
